{
  "name": "premake-core",
  "version": "1.0.0",
  "lockfileVersion": 3,
  "requires": true,
  "packages": {
    "": {
      "name": "premake-core",
      "version": "1.0.0",
      "license": "ISC",
      "workspaces": [
        "packages/*"
      ]
    },
    "node_modules/@premake-core/cli": {
      "resolved": "packages/cli",
      "link": true
    },
    "node_modules/@premake-core/core": {
      "resolved": "packages/core",
      "link": true
    },
    "node_modules/@types/node": {
      "version": "18.11.18",
      "resolved": "https://registry.npmjs.org/@types/node/-/node-18.11.18.tgz",
      "integrity": "sha512-DHQpWGjyQKSHj3ebjFI/wRKcqQcdR+MoFBygntYOZytCqNfkd2ZC4ARDJ2DQqhjH5p85Nnd3jhUJIXrszFX/JA=="
    },
    "node_modules/typescript": {
      "version": "4.9.4",
      "resolved": "https://registry.npmjs.org/typescript/-/typescript-4.9.4.tgz",
      "integrity": "sha512-Uz+dTXYzxXXbsFpM86Wh3dKCxrQqUcVMxwU54orwlJjOpO3ao8L7j5lH+dWfTwgCwIuM9GQ2kvVotzYJMXTBZg==",
      "dev": true,
      "bin": {
        "tsc": "bin/tsc",
        "tsserver": "bin/tsserver"
      },
      "engines": {
        "node": ">=4.2.0"
      }
    },
    "packages/app": {
      "name": "@premake-core/app",
      "version": "1.0.0",
      "extraneous": true,
      "license": "ISC",
      "dependencies": {
        "@premake-core/core": "^1.0.0"
      }
    },
    "packages/cli": {
      "name": "@premake-core/cli",
      "version": "1.0.0",
      "license": "ISC",
      "dependencies": {
        "@premake-core/core": "^1.0.0",
        "@types/node": "^18.11.18"
      },
      "devDependencies": {
        "typescript": "^4.9.4"
      }
    },
    "packages/core": {
      "name": "@premake-core/core",
      "version": "1.0.0",
      "license": "ISC",
      "devDependencies": {
        "typescript": "^4.9.4"
      }
    }
  }
}
